PODS:
  - Alamofire (1.2.0)
  - Colours (5.6.2)
  - MBProgressHUD (0.9.1)
  - ObjectMapper (0.10)
  - RATreeView (1.0.1)
  - SwiftyJSON (2.2.0)
  - TWTToast/UIKit/AutoLayout (0.15)
  - UIImage-Helpers (0.0.3)

DEPENDENCIES:
  - Alamofire
  - Colours
  - MBProgressHUD
  - ObjectMapper (~> 0.10)
  - RATreeView
  - SwiftyJSON (from `https://github.com/SwiftyJSON/SwiftyJSON.git`)
  - TWTToast/UIKit/AutoLayout (from `https://github.com/twotoasters/Toast.git`, branch
    `master`)
  - UIImage-Helpers

EXTERNAL SOURCES:
  SwiftyJSON:
    :git: https://github.com/SwiftyJSON/SwiftyJSON.git
  TWTToast:
    :branch: master
    :git: https://github.com/twotoasters/Toast.git

CHECKOUT OPTIONS:
  SwiftyJSON:
    :commit: 87fa9e2432187629aae80cf89027f2a615af2c31
    :git: https://github.com/SwiftyJSON/SwiftyJSON.git
  TWTToast:
    :commit: 5d1ec37e523a6c4959fbff02404b59a154c5958f
    :git: https://github.com/twotoasters/Toast.git

SPEC CHECKSUMS:
  Alamofire: d765c5c1713aa64106b0228aaa600a1e6851f68d
  Colours: 0afd4c3429656880fd4cff350ca3bf0ab86ca348
  MBProgressHUD: c47f2c166c126cf2ce36498d80f33e754d4e93ad
  ObjectMapper: 611c411d3434485c8374000a028de87be1b6038d
  RATreeView: 84be5d5ddc34d4874f707c02de8b70fed18bb834
  SwiftyJSON: 0b3e6c07af17ff745e77e8e9984097b55c956e5c
  TWTToast: 0da7f209a5f2410332ac84b0e0d6f63964c1ff2a
  UIImage-Helpers: 06b04a42bdd222844035602e87e936765c80f620

COCOAPODS: 0.36.4
