PODS:
  - Colours (5.8.0)
  - DateTools (1.7.0)
  - DTCoreText (1.6.15):
    - DTFoundation/Core (~> 1.7.5)
    - DTFoundation/DTAnimatedGIF (~> 1.7.5)
    - DTFoundation/DTHTMLParser (~> 1.7.5)
    - DTFoundation/UIKit (~> 1.7.5)
  - DTFoundation/Core (1.7.7)
  - DTFoundation/DTAnimatedGIF (1.7.7)
  - DTFoundation/DTHTMLParser (1.7.7):
    - DTFoundation/Core
  - DTFoundation/UIKit (1.7.7):
    - DTFoundation/Core
  - HexColors (2.3.0)
  - MBProgressHUD (0.9.1)
  - NYXImagesKit (2.3)
  - SVPullToRefresh (0.4.1)
  - TSMessages (0.9.13):
    - HexColors (~> 2.3.0)
  - UIImage+Additions (2.1.0)
  - UIImage-Helpers (0.0.3)

DEPENDENCIES:
  - Colours
  - DateTools
  - DTCoreText (from `https://github.com/davbeck/DTCoreText.git`)
  - MBProgressHUD
  - NYXImagesKit
  - SVPullToRefresh
  - TSMessages (from `https://github.com/KrauseFx/TSMessages.git`, commit `7ef3990de3c626e8f3e50bfabb53f76997e374ce`)
  - UIImage+Additions
  - UIImage-Helpers

EXTERNAL SOURCES:
  DTCoreText:
    :git: https://github.com/davbeck/DTCoreText.git
  TSMessages:
    :commit: 7ef3990de3c626e8f3e50bfabb53f76997e374ce
    :git: https://github.com/KrauseFx/TSMessages.git

CHECKOUT OPTIONS:
  DTCoreText:
    :commit: 968e1808a11d35aa64b47ad0dd3ce11f698b7a41
    :git: https://github.com/davbeck/DTCoreText.git
  TSMessages:
    :commit: 7ef3990de3c626e8f3e50bfabb53f76997e374ce
    :git: https://github.com/KrauseFx/TSMessages.git

SPEC CHECKSUMS:
  Colours: c186cc76afa2ca86f5ca5e68f610f9be17b48337
  DateTools: 53288ee8b905fdc75897a1e6b5cc0144b14cba60
  DTCoreText: fc230af3d5ee6e53275cb0cd2cbe8abf71750dc4
  DTFoundation: c9b3362b83f0017389082ec067ede719826a579d
  HexColors: 6ad3947c3447a055a3aa8efa859def096351fe5f
  MBProgressHUD: c47f2c166c126cf2ce36498d80f33e754d4e93ad
  NYXImagesKit: 8163e3335a40eaa173ca5bbbf81fafb57d3947eb
  SVPullToRefresh: ba2e718695a43253d8bea6852d2960097dc15d8c
  TSMessages: 6e403b790139636c15ab4f51946537095e03e79c
  UIImage+Additions: 6181430b139099649e56171d58a52d6c37d57e42
  UIImage-Helpers: 06b04a42bdd222844035602e87e936765c80f620

PODFILE CHECKSUM: '03439018caf71f46b2521881eecd1450dcde39df'

COCOAPODS: 1.2.1
