// !$*UTF8*$!
{
	archiveVersion = 1;
	classes = {
	};
	objectVersion = 46;
	objects = {

/* Begin PBXBuildFile section */
		0C1EE00F1AE0B3E8009BD94E /* Global.swift in Sources */ = {isa = PBXBuildFile; fileRef = 0C1EE00E1AE0B3E8009BD94E /* Global.swift */; };
		0C1EE0111AE0C0B4009BD94E /* ReadabilityViewController.swift in Sources */ = {isa = PBXBuildFile; fileRef = 0C1EE0101AE0C0B4009BD94E /* ReadabilityViewController.swift */; };
		0C2CF6141AEF21E70055ADC8 /* Private.swift in Sources */ = {isa = PBXBuildFile; fileRef = 0C2CF6131AEF21E70055ADC8 /* Private.swift */; };
		0CD3C88C1AD781DF005CC6C1 /* AppDelegate.swift in Sources */ = {isa = PBXBuildFile; fileRef = 0CD3C88B1AD781DF005CC6C1 /* AppDelegate.swift */; };
		0CD3C88E1AD781DF005CC6C1 /* StoriesViewController.swift in Sources */ = {isa = PBXBuildFile; fileRef = 0CD3C88D1AD781DF005CC6C1 /* StoriesViewController.swift */; };
		0CD3C8931AD781DF005CC6C1 /* Images.xcassets in Resources */ = {isa = PBXBuildFile; fileRef = 0CD3C8921AD781DF005CC6C1 /* Images.xcassets */; };
		0CD3C8961AD781DF005CC6C1 /* LaunchScreen.xib in Resources */ = {isa = PBXBuildFile; fileRef = 0CD3C8941AD781DF005CC6C1 /* LaunchScreen.xib */; };
		0CD3C8A21AD781DF005CC6C1 /* HackerNewsTests.swift in Sources */ = {isa = PBXBuildFile; fileRef = 0CD3C8A11AD781DF005CC6C1 /* HackerNewsTests.swift */; };
		0CD3C8AC1AD786BC005CC6C1 /* HNAPIClient.swift in Sources */ = {isa = PBXBuildFile; fileRef = 0CD3C8AB1AD786BC005CC6C1 /* HNAPIClient.swift */; };
		170B18451B52502D00ECE833 /* readability_article.css in Resources */ = {isa = PBXBuildFile; fileRef = 170B18441B52502D00ECE833 /* readability_article.css */; };
		17119D811CD6B3A100939C85 /* Downloader.swift in Sources */ = {isa = PBXBuildFile; fileRef = 17119D801CD6B3A100939C85 /* Downloader.swift */; };
		1714DC051CB73EBB0059E88E /* DataSource.swift in Sources */ = {isa = PBXBuildFile; fileRef = 1714DC041CB73EBB0059E88E /* DataSource.swift */; };
		1716D1F21CC993ED0027EE3A /* Reachability.framework in Frameworks */ = {isa = PBXBuildFile; fileRef = 1716D1F11CC993ED0027EE3A /* Reachability.framework */; };
		17183A3A1AE202CC007F7163 /* ProgressHUD.swift in Sources */ = {isa = PBXBuildFile; fileRef = 17183A391AE202CC007F7163 /* ProgressHUD.swift */; };
		1722C0DF1AE17F8B00DCA87C /* ReadabilityAPIClient.swift in Sources */ = {isa = PBXBuildFile; fileRef = 1722C0DE1AE17F8B00DCA87C /* ReadabilityAPIClient.swift */; };
		174A9A221AE19F05008CB6FC /* Label.swift in Sources */ = {isa = PBXBuildFile; fileRef = 174A9A211AE19F05008CB6FC /* Label.swift */; };
		1751B5D01AEE0A4B000ADF55 /* DateTools.bundle in Resources */ = {isa = PBXBuildFile; fileRef = 1751B5CF1AEE0A4B000ADF55 /* DateTools.bundle */; };
		175997821B52419B00E3F263 /* DateFormatter.swift in Sources */ = {isa = PBXBuildFile; fileRef = 175997811B52419B00E3F263 /* DateFormatter.swift */; };
		176156C51BF7EFAA001D6ACA /* UIColorExtension.swift in Sources */ = {isa = PBXBuildFile; fileRef = 176156C41BF7EFAA001D6ACA /* UIColorExtension.swift */; };
		176156C81BF7EFEE001D6ACA /* UIFontExtension.swift in Sources */ = {isa = PBXBuildFile; fileRef = 176156C71BF7EFEE001D6ACA /* UIFontExtension.swift */; };
		176156CA1BF7F001001D6ACA /* UIImageExtension.swift in Sources */ = {isa = PBXBuildFile; fileRef = 176156C91BF7F001001D6ACA /* UIImageExtension.swift */; };
		176156CC1BF7F02D001D6ACA /* StringExtension.swift in Sources */ = {isa = PBXBuildFile; fileRef = 176156CB1BF7F02D001D6ACA /* StringExtension.swift */; };
		176156CE1BF7F03A001D6ACA /* NSURLExtension.swift in Sources */ = {isa = PBXBuildFile; fileRef = 176156CD1BF7F03A001D6ACA /* NSURLExtension.swift */; };
		176156D01BF7F05B001D6ACA /* UIViewControllerExtension.swift in Sources */ = {isa = PBXBuildFile; fileRef = 176156CF1BF7F05B001D6ACA /* UIViewControllerExtension.swift */; };
		176654A71AE08B7500B97098 /* StoryCell.swift in Sources */ = {isa = PBXBuildFile; fileRef = 176654A61AE08B7500B97098 /* StoryCell.swift */; };
		1768BEC81B7EBF6A00497790 /* HNAppearance.m in Sources */ = {isa = PBXBuildFile; fileRef = 1768BEC71B7EBF6A00497790 /* HNAppearance.m */; };
		1768BECA1B7EC35000497790 /* ErrorController.swift in Sources */ = {isa = PBXBuildFile; fileRef = 1768BEC91B7EC35000497790 /* ErrorController.swift */; };
		177CF2FF1CD6A12700F373CD /* Alamofire.framework in Frameworks */ = {isa = PBXBuildFile; fileRef = 177CF2FC1CD6A12700F373CD /* Alamofire.framework */; };
		177CF3001CD6A12700F373CD /* PINCache.framework in Frameworks */ = {isa = PBXBuildFile; fileRef = 177CF2FD1CD6A12700F373CD /* PINCache.framework */; };
		177CF3011CD6A12700F373CD /* SwiftyJSON.framework in Frameworks */ = {isa = PBXBuildFile; fileRef = 177CF2FE1CD6A12700F373CD /* SwiftyJSON.framework */; };
		178327981B1C09BE003C580A /* CommentsHeaderView.swift in Sources */ = {isa = PBXBuildFile; fileRef = 178327971B1C09BE003C580A /* CommentsHeaderView.swift */; };
		1783279A1B1C0C84003C580A /* StoryActivity.swift in Sources */ = {isa = PBXBuildFile; fileRef = 178327991B1C0C84003C580A /* StoryActivity.swift */; };
		17922A1C1B005B9B001460B2 /* Story.swift in Sources */ = {isa = PBXBuildFile; fileRef = 17922A1B1B005B9B001460B2 /* Story.swift */; };
		17922A1E1B005BA1001460B2 /* Comment.swift in Sources */ = {isa = PBXBuildFile; fileRef = 17922A1D1B005BA1001460B2 /* Comment.swift */; };
		17922A201B005BAD001460B2 /* ReadabilityArticle.swift in Sources */ = {isa = PBXBuildFile; fileRef = 17922A1F1B005BAD001460B2 /* ReadabilityArticle.swift */; };
		17922A221B005CF1001460B2 /* Cache.swift in Sources */ = {isa = PBXBuildFile; fileRef = 17922A211B005CF1001460B2 /* Cache.swift */; };
		17CC031E1AFEA88D005719A7 /* TextView.swift in Sources */ = {isa = PBXBuildFile; fileRef = 17CC031D1AFEA88D005719A7 /* TextView.swift */; };
		17CC03201AFEA8B4005719A7 /* StoriesTitleView.swift in Sources */ = {isa = PBXBuildFile; fileRef = 17CC031F1AFEA8B4005719A7 /* StoriesTitleView.swift */; };
		17DEB0461CB1C86100D3246E /* AutolayoutExtensions.framework in Frameworks */ = {isa = PBXBuildFile; fileRef = 17DEB0451CB1C86100D3246E /* AutolayoutExtensions.framework */; };
		17E621151AED4C0B00FF84AC /* WebViewController.swift in Sources */ = {isa = PBXBuildFile; fileRef = 17E621141AED4C0B00FF84AC /* WebViewController.swift */; };
		17F20FF11B7EE6E7005EB2FF /* Error.swift in Sources */ = {isa = PBXBuildFile; fileRef = 17F20FF01B7EE6E7005EB2FF /* Error.swift */; };
		17FB84D91AE20B7500C87786 /* Appearance.swift in Sources */ = {isa = PBXBuildFile; fileRef = 17FB84D81AE20B7500C87786 /* Appearance.swift */; };
		17FB84DB1AE20CB600C87786 /* CommentsViewController.swift in Sources */ = {isa = PBXBuildFile; fileRef = 17FB84DA1AE20CB600C87786 /* CommentsViewController.swift */; };
		17FB84DF1AE21A1C00C87786 /* CommentCell.swift in Sources */ = {isa = PBXBuildFile; fileRef = 17FB84DE1AE21A1C00C87786 /* CommentCell.swift */; };
		8D904113588597FF9685D5CB /* Pods.framework in Frameworks */ = {isa = PBXBuildFile; fileRef = 96BFE55567A6A1DA056DBE61 /* Pods.framework */; };
/* End PBXBuildFile section */

/* Begin PBXContainerItemProxy section */
		0CD3C89C1AD781DF005CC6C1 /* PBXContainerItemProxy */ = {
			isa = PBXContainerItemProxy;
			containerPortal = 0CD3C87E1AD781DF005CC6C1 /* Project object */;
			proxyType = 1;
			remoteGlobalIDString = 0CD3C8851AD781DF005CC6C1;
			remoteInfo = HackerNews;
		};
/* End PBXContainerItemProxy section */

/* Begin PBXFileReference section */
		0C1EE00E1AE0B3E8009BD94E /* Global.swift */ = {isa = PBXFileReference; fileEncoding = 4; lastKnownFileType = sourcecode.swift; path = Global.swift; sourceTree = "<group>"; };
		0C1EE0101AE0C0B4009BD94E /* ReadabilityViewController.swift */ = {isa = PBXFileReference; fileEncoding = 4; lastKnownFileType = sourcecode.swift; path = ReadabilityViewController.swift; sourceTree = "<group>"; };
		0C2CF6131AEF21E70055ADC8 /* Private.swift */ = {isa = PBXFileReference; fileEncoding = 4; lastKnownFileType = sourcecode.swift; path = Private.swift; sourceTree = "<group>"; };
		0CD3C8861AD781DF005CC6C1 /* HackerNews.app */ = {isa = PBXFileReference; explicitFileType = wrapper.application; includeInIndex = 0; path = HackerNews.app; sourceTree = BUILT_PRODUCTS_DIR; };
		0CD3C88A1AD781DF005CC6C1 /* Info.plist */ = {isa = PBXFileReference; lastKnownFileType = text.plist.xml; path = Info.plist; sourceTree = "<group>"; };
		0CD3C88B1AD781DF005CC6C1 /* AppDelegate.swift */ = {isa = PBXFileReference; lastKnownFileType = sourcecode.swift; path = AppDelegate.swift; sourceTree = "<group>"; };
		0CD3C88D1AD781DF005CC6C1 /* StoriesViewController.swift */ = {isa = PBXFileReference; lastKnownFileType = sourcecode.swift; path = StoriesViewController.swift; sourceTree = "<group>"; };
		0CD3C8921AD781DF005CC6C1 /* Images.xcassets */ = {isa = PBXFileReference; lastKnownFileType = folder.assetcatalog; path = Images.xcassets; sourceTree = "<group>"; };
		0CD3C8951AD781DF005CC6C1 /* Base */ = {isa = PBXFileReference; lastKnownFileType = file.xib; name = Base; path = Base.lproj/LaunchScreen.xib; sourceTree = "<group>"; };
		0CD3C89B1AD781DF005CC6C1 /* HackerNewsTests.xctest */ = {isa = PBXFileReference; explicitFileType = wrapper.cfbundle; includeInIndex = 0; path = HackerNewsTests.xctest; sourceTree = BUILT_PRODUCTS_DIR; };
		0CD3C8A01AD781DF005CC6C1 /* Info.plist */ = {isa = PBXFileReference; lastKnownFileType = text.plist.xml; path = Info.plist; sourceTree = "<group>"; };
		0CD3C8A11AD781DF005CC6C1 /* HackerNewsTests.swift */ = {isa = PBXFileReference; lastKnownFileType = sourcecode.swift; path = HackerNewsTests.swift; sourceTree = "<group>"; };
		0CD3C8AB1AD786BC005CC6C1 /* HNAPIClient.swift */ = {isa = PBXFileReference; fileEncoding = 4; lastKnownFileType = sourcecode.swift; path = HNAPIClient.swift; sourceTree = "<group>"; };
		170B18441B52502D00ECE833 /* readability_article.css */ = {isa = PBXFileReference; fileEncoding = 4; lastKnownFileType = text.css; path = readability_article.css; sourceTree = "<group>"; };
		17119D801CD6B3A100939C85 /* Downloader.swift */ = {isa = PBXFileReference; fileEncoding = 4; lastKnownFileType = sourcecode.swift; path = Downloader.swift; sourceTree = "<group>"; };
		1714DC041CB73EBB0059E88E /* DataSource.swift */ = {isa = PBXFileReference; fileEncoding = 4; lastKnownFileType = sourcecode.swift; path = DataSource.swift; sourceTree = "<group>"; };
		1716D1F11CC993ED0027EE3A /* Reachability.framework */ = {isa = PBXFileReference; lastKnownFileType = wrapper.framework; name = Reachability.framework; path = Carthage/Build/iOS/Reachability.framework; sourceTree = "<group>"; };
		17183A391AE202CC007F7163 /* ProgressHUD.swift */ = {isa = PBXFileReference; fileEncoding = 4; lastKnownFileType = sourcecode.swift; path = ProgressHUD.swift; sourceTree = "<group>"; };
		1722C0DE1AE17F8B00DCA87C /* ReadabilityAPIClient.swift */ = {isa = PBXFileReference; fileEncoding = 4; lastKnownFileType = sourcecode.swift; path = ReadabilityAPIClient.swift; sourceTree = "<group>"; };
		174A9A211AE19F05008CB6FC /* Label.swift */ = {isa = PBXFileReference; fileEncoding = 4; lastKnownFileType = sourcecode.swift; path = Label.swift; sourceTree = "<group>"; };
		1751B5CF1AEE0A4B000ADF55 /* DateTools.bundle */ = {isa = PBXFileReference; lastKnownFileType = "wrapper.plug-in"; path = DateTools.bundle; sourceTree = "<group>"; };
		175997811B52419B00E3F263 /* DateFormatter.swift */ = {isa = PBXFileReference; fileEncoding = 4; lastKnownFileType = sourcecode.swift; path = DateFormatter.swift; sourceTree = "<group>"; };
		176156C41BF7EFAA001D6ACA /* UIColorExtension.swift */ = {isa = PBXFileReference; fileEncoding = 4; lastKnownFileType = sourcecode.swift; path = UIColorExtension.swift; sourceTree = "<group>"; };
		176156C71BF7EFEE001D6ACA /* UIFontExtension.swift */ = {isa = PBXFileReference; fileEncoding = 4; lastKnownFileType = sourcecode.swift; path = UIFontExtension.swift; sourceTree = "<group>"; };
		176156C91BF7F001001D6ACA /* UIImageExtension.swift */ = {isa = PBXFileReference; fileEncoding = 4; lastKnownFileType = sourcecode.swift; path = UIImageExtension.swift; sourceTree = "<group>"; };
		176156CB1BF7F02D001D6ACA /* StringExtension.swift */ = {isa = PBXFileReference; fileEncoding = 4; lastKnownFileType = sourcecode.swift; path = StringExtension.swift; sourceTree = "<group>"; };
		176156CD1BF7F03A001D6ACA /* NSURLExtension.swift */ = {isa = PBXFileReference; fileEncoding = 4; lastKnownFileType = sourcecode.swift; path = NSURLExtension.swift; sourceTree = "<group>"; };
		176156CF1BF7F05B001D6ACA /* UIViewControllerExtension.swift */ = {isa = PBXFileReference; fileEncoding = 4; lastKnownFileType = sourcecode.swift; path = UIViewControllerExtension.swift; sourceTree = "<group>"; };
		176654A21AE077C800B97098 /* HackerNews-Bridging-Header.h */ = {isa = PBXFileReference; lastKnownFileType = sourcecode.c.h; path = "HackerNews-Bridging-Header.h"; sourceTree = "<group>"; };
		176654A61AE08B7500B97098 /* StoryCell.swift */ = {isa = PBXFileReference; fileEncoding = 4; lastKnownFileType = sourcecode.swift; path = StoryCell.swift; sourceTree = "<group>"; };
		1768BEC61B7EBF6A00497790 /* HNAppearance.h */ = {isa = PBXFileReference; fileEncoding = 4; lastKnownFileType = sourcecode.c.h; path = HNAppearance.h; sourceTree = "<group>"; };
		1768BEC71B7EBF6A00497790 /* HNAppearance.m */ = {isa = PBXFileReference; fileEncoding = 4; lastKnownFileType = sourcecode.c.objc; path = HNAppearance.m; sourceTree = "<group>"; };
		1768BEC91B7EC35000497790 /* ErrorController.swift */ = {isa = PBXFileReference; fileEncoding = 4; lastKnownFileType = sourcecode.swift; path = ErrorController.swift; sourceTree = "<group>"; };
		177CF2FC1CD6A12700F373CD /* Alamofire.framework */ = {isa = PBXFileReference; lastKnownFileType = wrapper.framework; name = Alamofire.framework; path = Carthage/Build/iOS/Alamofire.framework; sourceTree = "<group>"; };
		177CF2FD1CD6A12700F373CD /* PINCache.framework */ = {isa = PBXFileReference; lastKnownFileType = wrapper.framework; name = PINCache.framework; path = Carthage/Build/iOS/PINCache.framework; sourceTree = "<group>"; };
		177CF2FE1CD6A12700F373CD /* SwiftyJSON.framework */ = {isa = PBXFileReference; lastKnownFileType = wrapper.framework; name = SwiftyJSON.framework; path = Carthage/Build/iOS/SwiftyJSON.framework; sourceTree = "<group>"; };
		178327971B1C09BE003C580A /* CommentsHeaderView.swift */ = {isa = PBXFileReference; fileEncoding = 4; lastKnownFileType = sourcecode.swift; path = CommentsHeaderView.swift; sourceTree = "<group>"; };
		178327991B1C0C84003C580A /* StoryActivity.swift */ = {isa = PBXFileReference; fileEncoding = 4; lastKnownFileType = sourcecode.swift; path = StoryActivity.swift; sourceTree = "<group>"; };
		17922A1B1B005B9B001460B2 /* Story.swift */ = {isa = PBXFileReference; fileEncoding = 4; lastKnownFileType = sourcecode.swift; path = Story.swift; sourceTree = "<group>"; };
		17922A1D1B005BA1001460B2 /* Comment.swift */ = {isa = PBXFileReference; fileEncoding = 4; lastKnownFileType = sourcecode.swift; path = Comment.swift; sourceTree = "<group>"; };
		17922A1F1B005BAD001460B2 /* ReadabilityArticle.swift */ = {isa = PBXFileReference; fileEncoding = 4; lastKnownFileType = sourcecode.swift; path = ReadabilityArticle.swift; sourceTree = "<group>"; };
		17922A211B005CF1001460B2 /* Cache.swift */ = {isa = PBXFileReference; fileEncoding = 4; lastKnownFileType = sourcecode.swift; path = Cache.swift; sourceTree = "<group>"; };
		17CC031D1AFEA88D005719A7 /* TextView.swift */ = {isa = PBXFileReference; fileEncoding = 4; lastKnownFileType = sourcecode.swift; path = TextView.swift; sourceTree = "<group>"; };
		17CC031F1AFEA8B4005719A7 /* StoriesTitleView.swift */ = {isa = PBXFileReference; fileEncoding = 4; lastKnownFileType = sourcecode.swift; path = StoriesTitleView.swift; sourceTree = "<group>"; };
		17DEB0451CB1C86100D3246E /* AutolayoutExtensions.framework */ = {isa = PBXFileReference; lastKnownFileType = wrapper.framework; name = AutolayoutExtensions.framework; path = Carthage/Build/iOS/AutolayoutExtensions.framework; sourceTree = "<group>"; };
		17E621141AED4C0B00FF84AC /* WebViewController.swift */ = {isa = PBXFileReference; fileEncoding = 4; lastKnownFileType = sourcecode.swift; path = WebViewController.swift; sourceTree = "<group>"; };
		17F20FF01B7EE6E7005EB2FF /* Error.swift */ = {isa = PBXFileReference; fileEncoding = 4; lastKnownFileType = sourcecode.swift; path = Error.swift; sourceTree = "<group>"; };
		17FB84D81AE20B7500C87786 /* Appearance.swift */ = {isa = PBXFileReference; fileEncoding = 4; lastKnownFileType = sourcecode.swift; path = Appearance.swift; sourceTree = "<group>"; };
		17FB84DA1AE20CB600C87786 /* CommentsViewController.swift */ = {isa = PBXFileReference; fileEncoding = 4; lastKnownFileType = sourcecode.swift; path = CommentsViewController.swift; sourceTree = "<group>"; };
		17FB84DE1AE21A1C00C87786 /* CommentCell.swift */ = {isa = PBXFileReference; fileEncoding = 4; lastKnownFileType = sourcecode.swift; path = CommentCell.swift; sourceTree = "<group>"; };
		31673111D9B6682A226FA4A9 /* Pods.debug.xcconfig */ = {isa = PBXFileReference; includeInIndex = 1; lastKnownFileType = text.xcconfig; name = Pods.debug.xcconfig; path = "Pods/Target Support Files/Pods/Pods.debug.xcconfig"; sourceTree = "<group>"; };
		96BFE55567A6A1DA056DBE61 /* Pods.framework */ = {isa = PBXFileReference; explicitFileType = wrapper.framework; includeInIndex = 0; path = Pods.framework; sourceTree = BUILT_PRODUCTS_DIR; };
		D85C380C1DB698E049FC7102 /* Pods.release.xcconfig */ = {isa = PBXFileReference; includeInIndex = 1; lastKnownFileType = text.xcconfig; name = Pods.release.xcconfig; path = "Pods/Target Support Files/Pods/Pods.release.xcconfig"; sourceTree = "<group>"; };
/* End PBXFileReference section */

/* Begin PBXFrameworksBuildPhase section */
		0CD3C8831AD781DF005CC6C1 /* Frameworks */ = {
			isa = PBXFrameworksBuildPhase;
			buildActionMask = 2147483647;
			files = (
				8D904113588597FF9685D5CB /* Pods.framework in Frameworks */,
				17DEB0461CB1C86100D3246E /* AutolayoutExtensions.framework in Frameworks */,
				1716D1F21CC993ED0027EE3A /* Reachability.framework in Frameworks */,
				177CF2FF1CD6A12700F373CD /* Alamofire.framework in Frameworks */,
				177CF3001CD6A12700F373CD /* PINCache.framework in Frameworks */,
				177CF3011CD6A12700F373CD /* SwiftyJSON.framework in Frameworks */,
			);
			runOnlyForDeploymentPostprocessing = 0;
		};
		0CD3C8981AD781DF005CC6C1 /* Frameworks */ = {
			isa = PBXFrameworksBuildPhase;
			buildActionMask = 2147483647;
			files = (
			);
			runOnlyForDeploymentPostprocessing = 0;
		};
/* End PBXFrameworksBuildPhase section */

/* Begin PBXGroup section */
		0CABDA8B1B4B6A2900B0C1C4 /* Controllers */ = {
			isa = PBXGroup;
			children = (
				17119D801CD6B3A100939C85 /* Downloader.swift */,
				17922A211B005CF1001460B2 /* Cache.swift */,
				1714DC041CB73EBB0059E88E /* DataSource.swift */,
				1768BEC91B7EC35000497790 /* ErrorController.swift */,
				174A9A241AE1A001008CB6FC /* ViewControllers */,
			);
			name = Controllers;
			sourceTree = "<group>";
		};
		0CD3C87D1AD781DF005CC6C1 = {
			isa = PBXGroup;
			children = (
				0CD3C8881AD781DF005CC6C1 /* HackerNews */,
				0CD3C89E1AD781DF005CC6C1 /* HackerNewsTests */,
				0CD3C8871AD781DF005CC6C1 /* Products */,
				967AABDCA5BC2A8D93E341D1 /* Pods */,
				14AE43D8DF032F9A10DDB7A7 /* Frameworks */,
			);
			sourceTree = "<group>";
		};
		0CD3C8871AD781DF005CC6C1 /* Products */ = {
			isa = PBXGroup;
			children = (
				0CD3C8861AD781DF005CC6C1 /* HackerNews.app */,
				0CD3C89B1AD781DF005CC6C1 /* HackerNewsTests.xctest */,
			);
			name = Products;
			sourceTree = "<group>";
		};
		0CD3C8881AD781DF005CC6C1 /* HackerNews */ = {
			isa = PBXGroup;
			children = (
				176156C61BF7EFD3001D6ACA /* Extensions */,
				17FB84D81AE20B7500C87786 /* Appearance.swift */,
				1768BEC61B7EBF6A00497790 /* HNAppearance.h */,
				1768BEC71B7EBF6A00497790 /* HNAppearance.m */,
				0C2CF6131AEF21E70055ADC8 /* Private.swift */,
				0CD3C88B1AD781DF005CC6C1 /* AppDelegate.swift */,
				0CABDA8B1B4B6A2900B0C1C4 /* Controllers */,
				174A9A231AE19F58008CB6FC /* Views */,
				174A9A261AE1A017008CB6FC /* Models */,
				174A9A251AE1A00A008CB6FC /* APIClients */,
				0CD3C8921AD781DF005CC6C1 /* Images.xcassets */,
				1751B5CF1AEE0A4B000ADF55 /* DateTools.bundle */,
				0CD3C8941AD781DF005CC6C1 /* LaunchScreen.xib */,
				0CD3C8891AD781DF005CC6C1 /* Supporting Files */,
				176654A21AE077C800B97098 /* HackerNews-Bridging-Header.h */,
			);
			path = HackerNews;
			sourceTree = "<group>";
		};
		0CD3C8891AD781DF005CC6C1 /* Supporting Files */ = {
			isa = PBXGroup;
			children = (
				170B18441B52502D00ECE833 /* readability_article.css */,
				0CD3C88A1AD781DF005CC6C1 /* Info.plist */,
			);
			name = "Supporting Files";
			sourceTree = "<group>";
		};
		0CD3C89E1AD781DF005CC6C1 /* HackerNewsTests */ = {
			isa = PBXGroup;
			children = (
				0CD3C8A11AD781DF005CC6C1 /* HackerNewsTests.swift */,
				0CD3C89F1AD781DF005CC6C1 /* Supporting Files */,
			);
			path = HackerNewsTests;
			sourceTree = "<group>";
		};
		0CD3C89F1AD781DF005CC6C1 /* Supporting Files */ = {
			isa = PBXGroup;
			children = (
				0CD3C8A01AD781DF005CC6C1 /* Info.plist */,
			);
			name = "Supporting Files";
			sourceTree = "<group>";
		};
		14AE43D8DF032F9A10DDB7A7 /* Frameworks */ = {
			isa = PBXGroup;
			children = (
				177CF2FC1CD6A12700F373CD /* Alamofire.framework */,
				177CF2FD1CD6A12700F373CD /* PINCache.framework */,
				177CF2FE1CD6A12700F373CD /* SwiftyJSON.framework */,
				1716D1F11CC993ED0027EE3A /* Reachability.framework */,
				17DEB0451CB1C86100D3246E /* AutolayoutExtensions.framework */,
				96BFE55567A6A1DA056DBE61 /* Pods.framework */,
			);
			name = Frameworks;
			sourceTree = "<group>";
		};
		174A9A231AE19F58008CB6FC /* Views */ = {
			isa = PBXGroup;
			children = (
				17CC031F1AFEA8B4005719A7 /* StoriesTitleView.swift */,
				178327971B1C09BE003C580A /* CommentsHeaderView.swift */,
				176654A61AE08B7500B97098 /* StoryCell.swift */,
				17FB84DE1AE21A1C00C87786 /* CommentCell.swift */,
				174A9A211AE19F05008CB6FC /* Label.swift */,
				17CC031D1AFEA88D005719A7 /* TextView.swift */,
				17183A391AE202CC007F7163 /* ProgressHUD.swift */,
			);
			name = Views;
			sourceTree = "<group>";
		};
		174A9A241AE1A001008CB6FC /* ViewControllers */ = {
			isa = PBXGroup;
			children = (
				0CD3C88D1AD781DF005CC6C1 /* StoriesViewController.swift */,
				0C1EE0101AE0C0B4009BD94E /* ReadabilityViewController.swift */,
				17FB84DA1AE20CB600C87786 /* CommentsViewController.swift */,
				17E621141AED4C0B00FF84AC /* WebViewController.swift */,
			);
			name = ViewControllers;
			sourceTree = "<group>";
		};
		174A9A251AE1A00A008CB6FC /* APIClients */ = {
			isa = PBXGroup;
			children = (
				0CD3C8AB1AD786BC005CC6C1 /* HNAPIClient.swift */,
				1722C0DE1AE17F8B00DCA87C /* ReadabilityAPIClient.swift */,
			);
			name = APIClients;
			sourceTree = "<group>";
		};
		174A9A261AE1A017008CB6FC /* Models */ = {
			isa = PBXGroup;
			children = (
				17F20FF01B7EE6E7005EB2FF /* Error.swift */,
				17922A1B1B005B9B001460B2 /* Story.swift */,
				178327991B1C0C84003C580A /* StoryActivity.swift */,
				17922A1D1B005BA1001460B2 /* Comment.swift */,
				17922A1F1B005BAD001460B2 /* ReadabilityArticle.swift */,
				175997811B52419B00E3F263 /* DateFormatter.swift */,
			);
			name = Models;
			sourceTree = "<group>";
		};
		176156C61BF7EFD3001D6ACA /* Extensions */ = {
			isa = PBXGroup;
			children = (
				0C1EE00E1AE0B3E8009BD94E /* Global.swift */,
				176156CD1BF7F03A001D6ACA /* NSURLExtension.swift */,
				176156CB1BF7F02D001D6ACA /* StringExtension.swift */,
				176156C91BF7F001001D6ACA /* UIImageExtension.swift */,
				176156C71BF7EFEE001D6ACA /* UIFontExtension.swift */,
				176156C41BF7EFAA001D6ACA /* UIColorExtension.swift */,
				176156CF1BF7F05B001D6ACA /* UIViewControllerExtension.swift */,
			);
			name = Extensions;
			sourceTree = "<group>";
		};
		967AABDCA5BC2A8D93E341D1 /* Pods */ = {
			isa = PBXGroup;
			children = (
				31673111D9B6682A226FA4A9 /* Pods.debug.xcconfig */,
				D85C380C1DB698E049FC7102 /* Pods.release.xcconfig */,
			);
			name = Pods;
			sourceTree = "<group>";
		};
/* End PBXGroup section */

/* Begin PBXNativeTarget section */
		0CD3C8851AD781DF005CC6C1 /* HackerNews */ = {
			isa = PBXNativeTarget;
			buildConfigurationList = 0CD3C8A51AD781DF005CC6C1 /* Build configuration list for PBXNativeTarget "HackerNews" */;
			buildPhases = (
				8A7259B8BFEC1DF21A7BB128 /* Check Pods Manifest.lock */,
				0CD3C8821AD781DF005CC6C1 /* Sources */,
				0CD3C8831AD781DF005CC6C1 /* Frameworks */,
				0CD3C8841AD781DF005CC6C1 /* Resources */,
				1D05A37ADA313886482AA1E5 /* Embed Pods Frameworks */,
				0046A9B44EB50A708156EFAD /* Copy Pods Resources */,
				17DEB0471CB1C87300D3246E /* Carthage */,
			);
			buildRules = (
			);
			dependencies = (
			);
			name = HackerNews;
			productName = HackerNews;
			productReference = 0CD3C8861AD781DF005CC6C1 /* HackerNews.app */;
			productType = "com.apple.product-type.application";
		};
		0CD3C89A1AD781DF005CC6C1 /* HackerNewsTests */ = {
			isa = PBXNativeTarget;
			buildConfigurationList = 0CD3C8A81AD781DF005CC6C1 /* Build configuration list for PBXNativeTarget "HackerNewsTests" */;
			buildPhases = (
				0CD3C8971AD781DF005CC6C1 /* Sources */,
				0CD3C8981AD781DF005CC6C1 /* Frameworks */,
				0CD3C8991AD781DF005CC6C1 /* Resources */,
			);
			buildRules = (
			);
			dependencies = (
				0CD3C89D1AD781DF005CC6C1 /* PBXTargetDependency */,
			);
			name = HackerNewsTests;
			productName = HackerNewsTests;
			productReference = 0CD3C89B1AD781DF005CC6C1 /* HackerNewsTests.xctest */;
			productType = "com.apple.product-type.bundle.unit-test";
		};
/* End PBXNativeTarget section */

/* Begin PBXProject section */
		0CD3C87E1AD781DF005CC6C1 /* Project object */ = {
			isa = PBXProject;
			attributes = {
				LastUpgradeCheck = 0700;
				ORGANIZATIONNAME = "Alex Choi";
				TargetAttributes = {
					0CD3C8851AD781DF005CC6C1 = {
						CreatedOnToolsVersion = 6.3;
						DevelopmentTeam = 5B3245C756;
					};
					0CD3C89A1AD781DF005CC6C1 = {
						CreatedOnToolsVersion = 6.3;
						TestTargetID = 0CD3C8851AD781DF005CC6C1;
					};
				};
			};
			buildConfigurationList = 0CD3C8811AD781DF005CC6C1 /* Build configuration list for PBXProject "HackerNews" */;
			compatibilityVersion = "Xcode 3.2";
			developmentRegion = English;
			hasScannedForEncodings = 0;
			knownRegions = (
				en,
				Base,
			);
			mainGroup = 0CD3C87D1AD781DF005CC6C1;
			productRefGroup = 0CD3C8871AD781DF005CC6C1 /* Products */;
			projectDirPath = "";
			projectRoot = "";
			targets = (
				0CD3C8851AD781DF005CC6C1 /* HackerNews */,
				0CD3C89A1AD781DF005CC6C1 /* HackerNewsTests */,
			);
		};
/* End PBXProject section */

/* Begin PBXResourcesBuildPhase section */
		0CD3C8841AD781DF005CC6C1 /* Resources */ = {
			isa = PBXResourcesBuildPhase;
			buildActionMask = 2147483647;
			files = (
				0CD3C8961AD781DF005CC6C1 /* LaunchScreen.xib in Resources */,
				0CD3C8931AD781DF005CC6C1 /* Images.xcassets in Resources */,
				1751B5D01AEE0A4B000ADF55 /* DateTools.bundle in Resources */,
				170B18451B52502D00ECE833 /* readability_article.css in Resources */,
			);
			runOnlyForDeploymentPostprocessing = 0;
		};
		0CD3C8991AD781DF005CC6C1 /* Resources */ = {
			isa = PBXResourcesBuildPhase;
			buildActionMask = 2147483647;
			files = (
			);
			runOnlyForDeploymentPostprocessing = 0;
		};
/* End PBXResourcesBuildPhase section */

/* Begin PBXShellScriptBuildPhase section */
		0046A9B44EB50A708156EFAD /* Copy Pods Resources */ = {
			isa = PBXShellScriptBuildPhase;
			buildActionMask = 2147483647;
			files = (
			);
			inputPaths = (
			);
			name = "Copy Pods Resources";
			outputPaths = (
			);
			runOnlyForDeploymentPostprocessing = 0;
			shellPath = /bin/sh;
			shellScript = "\"${SRCROOT}/Pods/Target Support Files/Pods/Pods-resources.sh\"\n";
			showEnvVarsInLog = 0;
		};
		17DEB0471CB1C87300D3246E /* Carthage */ = {
			isa = PBXShellScriptBuildPhase;
			buildActionMask = 2147483647;
			files = (
			);
			inputPaths = (
				"$(PROJECT_DIR)/Carthage/Build/iOS/AutolayoutExtensions.framework",
				"$(PROJECT_DIR)/Carthage/Build/iOS/Reachability.framework",
				"$(PROJECT_DIR)/Carthage/Build/iOS/Alamofire.framework",
				"$(PROJECT_DIR)/Carthage/Build/iOS/SwiftyJSON.framework",
				"$(PROJECT_DIR)/Carthage/Build/iOS/PINCache.framework",
			);
			name = Carthage;
			outputPaths = (
			);
			runOnlyForDeploymentPostprocessing = 0;
			shellPath = /bin/sh;
			shellScript = "/usr/local/bin/carthage copy-frameworks";
		};
		1D05A37ADA313886482AA1E5 /* Embed Pods Frameworks */ = {
			isa = PBXShellScriptBuildPhase;
			buildActionMask = 2147483647;
			files = (
			);
			inputPaths = (
			);
			name = "Embed Pods Frameworks";
			outputPaths = (
			);
			runOnlyForDeploymentPostprocessing = 0;
			shellPath = /bin/sh;
			shellScript = "\"${SRCROOT}/Pods/Target Support Files/Pods/Pods-frameworks.sh\"\n";
			showEnvVarsInLog = 0;
		};
		8A7259B8BFEC1DF21A7BB128 /* Check Pods Manifest.lock */ = {
			isa = PBXShellScriptBuildPhase;
			buildActionMask = 2147483647;
			files = (
			);
			inputPaths = (
			);
			name = "Check Pods Manifest.lock";
			outputPaths = (
			);
			runOnlyForDeploymentPostprocessing = 0;
			shellPath = /bin/sh;
			shellScript = "diff \"${PODS_ROOT}/../Podfile.lock\" \"${PODS_ROOT}/Manifest.lock\" > /dev/null\nif [[ $? != 0 ]] ; then\n    cat << EOM\nerror: The sandbox is not in sync with the Podfile.lock. Run 'pod install' or update your CocoaPods installation.\nEOM\n    exit 1\nfi\n";
			showEnvVarsInLog = 0;
		};
/* End PBXShellScriptBuildPhase section */

/* Begin PBXSourcesBuildPhase section */
		0CD3C8821AD781DF005CC6C1 /* Sources */ = {
			isa = PBXSourcesBuildPhase;
			buildActionMask = 2147483647;
			files = (
				176156CE1BF7F03A001D6ACA /* NSURLExtension.swift in Sources */,
				17119D811CD6B3A100939C85 /* Downloader.swift in Sources */,
				175997821B52419B00E3F263 /* DateFormatter.swift in Sources */,
				176156CC1BF7F02D001D6ACA /* StringExtension.swift in Sources */,
				1783279A1B1C0C84003C580A /* StoryActivity.swift in Sources */,
				0CD3C88E1AD781DF005CC6C1 /* StoriesViewController.swift in Sources */,
				17FB84DB1AE20CB600C87786 /* CommentsViewController.swift in Sources */,
				0C2CF6141AEF21E70055ADC8 /* Private.swift in Sources */,
				0C1EE00F1AE0B3E8009BD94E /* Global.swift in Sources */,
				176654A71AE08B7500B97098 /* StoryCell.swift in Sources */,
				0CD3C88C1AD781DF005CC6C1 /* AppDelegate.swift in Sources */,
				176156C81BF7EFEE001D6ACA /* UIFontExtension.swift in Sources */,
				1768BECA1B7EC35000497790 /* ErrorController.swift in Sources */,
				17922A221B005CF1001460B2 /* Cache.swift in Sources */,
				17183A3A1AE202CC007F7163 /* ProgressHUD.swift in Sources */,
				1768BEC81B7EBF6A00497790 /* HNAppearance.m in Sources */,
				178327981B1C09BE003C580A /* CommentsHeaderView.swift in Sources */,
				0C1EE0111AE0C0B4009BD94E /* ReadabilityViewController.swift in Sources */,
				1714DC051CB73EBB0059E88E /* DataSource.swift in Sources */,
				17FB84D91AE20B7500C87786 /* Appearance.swift in Sources */,
				17CC031E1AFEA88D005719A7 /* TextView.swift in Sources */,
				176156D01BF7F05B001D6ACA /* UIViewControllerExtension.swift in Sources */,
				1722C0DF1AE17F8B00DCA87C /* ReadabilityAPIClient.swift in Sources */,
				0CD3C8AC1AD786BC005CC6C1 /* HNAPIClient.swift in Sources */,
				174A9A221AE19F05008CB6FC /* Label.swift in Sources */,
				17F20FF11B7EE6E7005EB2FF /* Error.swift in Sources */,
				17922A201B005BAD001460B2 /* ReadabilityArticle.swift in Sources */,
				17CC03201AFEA8B4005719A7 /* StoriesTitleView.swift in Sources */,
				17E621151AED4C0B00FF84AC /* WebViewController.swift in Sources */,
				17922A1E1B005BA1001460B2 /* Comment.swift in Sources */,
				17FB84DF1AE21A1C00C87786 /* CommentCell.swift in Sources */,
				176156CA1BF7F001001D6ACA /* UIImageExtension.swift in Sources */,
				17922A1C1B005B9B001460B2 /* Story.swift in Sources */,
				176156C51BF7EFAA001D6ACA /* UIColorExtension.swift in Sources */,
			);
			runOnlyForDeploymentPostprocessing = 0;
		};
		0CD3C8971AD781DF005CC6C1 /* Sources */ = {
			isa = PBXSourcesBuildPhase;
			buildActionMask = 2147483647;
			files = (
				0CD3C8A21AD781DF005CC6C1 /* HackerNewsTests.swift in Sources */,
			);
			runOnlyForDeploymentPostprocessing = 0;
		};
/* End PBXSourcesBuildPhase section */

/* Begin PBXTargetDependency section */
		0CD3C89D1AD781DF005CC6C1 /* PBXTargetDependency */ = {
			isa = PBXTargetDependency;
			target = 0CD3C8851AD781DF005CC6C1 /* HackerNews */;
			targetProxy = 0CD3C89C1AD781DF005CC6C1 /* PBXContainerItemProxy */;
		};
/* End PBXTargetDependency section */

/* Begin PBXVariantGroup section */
		0CD3C8941AD781DF005CC6C1 /* LaunchScreen.xib */ = {
			isa = PBXVariantGroup;
			children = (
				0CD3C8951AD781DF005CC6C1 /* Base */,
			);
			name = LaunchScreen.xib;
			sourceTree = "<group>";
		};
/* End PBXVariantGroup section */

/* Begin XCBuildConfiguration section */
		0CD3C8A31AD781DF005CC6C1 /* Debug */ = {
			isa = XCBuildConfiguration;
			buildSettings = {
				ALWAYS_SEARCH_USER_PATHS = NO;
				CLANG_CXX_LANGUAGE_STANDARD = "gnu++0x";
				CLANG_CXX_LIBRARY = "libc++";
				CLANG_ENABLE_MODULES = YES;
				CLANG_ENABLE_OBJC_ARC = YES;
				CLANG_WARN_BOOL_CONVERSION = YES;
				CLANG_WARN_CONSTANT_CONVERSION = YES;
				CLANG_WARN_DIRECT_OBJC_ISA_USAGE = YES_ERROR;
				CLANG_WARN_EMPTY_BODY = YES;
				CLANG_WARN_ENUM_CONVERSION = YES;
				CLANG_WARN_INT_CONVERSION = YES;
				CLANG_WARN_OBJC_ROOT_CLASS = YES_ERROR;
				CLANG_WARN_UNREACHABLE_CODE = YES;
				CLANG_WARN__DUPLICATE_METHOD_MATCH = YES;
				"CODE_SIGN_IDENTITY[sdk=iphoneos*]" = "iPhone Developer";
				COPY_PHASE_STRIP = NO;
				DEBUG_INFORMATION_FORMAT = "dwarf-with-dsym";
				ENABLE_STRICT_OBJC_MSGSEND = YES;
				ENABLE_TESTABILITY = YES;
				GCC_C_LANGUAGE_STANDARD = gnu99;
				GCC_DYNAMIC_NO_PIC = NO;
				GCC_NO_COMMON_BLOCKS = YES;
				GCC_OPTIMIZATION_LEVEL = 0;
				GCC_PREPROCESSOR_DEFINITIONS = (
					"DEBUG=1",
					"$(inherited)",
				);
				GCC_SYMBOLS_PRIVATE_EXTERN = NO;
				GCC_WARN_64_TO_32_BIT_CONVERSION = YES;
				GCC_WARN_ABOUT_RETURN_TYPE = YES_ERROR;
				GCC_WARN_UNDECLARED_SELECTOR = YES;
				GCC_WARN_UNINITIALIZED_AUTOS = YES_AGGRESSIVE;
				GCC_WARN_UNUSED_FUNCTION = YES;
				GCC_WARN_UNUSED_VARIABLE = YES;
				IPHONEOS_DEPLOYMENT_TARGET = 8.3;
				MTL_ENABLE_DEBUG_INFO = YES;
				ONLY_ACTIVE_ARCH = YES;
				SDKROOT = iphoneos;
				SWIFT_OBJC_BRIDGING_HEADER = "";
				SWIFT_OPTIMIZATION_LEVEL = "-Onone";
			};
			name = Debug;
		};
		0CD3C8A41AD781DF005CC6C1 /* Release */ = {
			isa = XCBuildConfiguration;
			buildSettings = {
				ALWAYS_SEARCH_USER_PATHS = NO;
				CLANG_CXX_LANGUAGE_STANDARD = "gnu++0x";
				CLANG_CXX_LIBRARY = "libc++";
				CLANG_ENABLE_MODULES = YES;
				CLANG_ENABLE_OBJC_ARC = YES;
				CLANG_WARN_BOOL_CONVERSION = YES;
				CLANG_WARN_CONSTANT_CONVERSION = YES;
				CLANG_WARN_DIRECT_OBJC_ISA_USAGE = YES_ERROR;
				CLANG_WARN_EMPTY_BODY = YES;
				CLANG_WARN_ENUM_CONVERSION = YES;
				CLANG_WARN_INT_CONVERSION = YES;
				CLANG_WARN_OBJC_ROOT_CLASS = YES_ERROR;
				CLANG_WARN_UNREACHABLE_CODE = YES;
				CLANG_WARN__DUPLICATE_METHOD_MATCH = YES;
				"CODE_SIGN_IDENTITY[sdk=iphoneos*]" = "iPhone Developer";
				COPY_PHASE_STRIP = NO;
				DEBUG_INFORMATION_FORMAT = "dwarf-with-dsym";
				ENABLE_NS_ASSERTIONS = NO;
				ENABLE_STRICT_OBJC_MSGSEND = YES;
				GCC_C_LANGUAGE_STANDARD = gnu99;
				GCC_NO_COMMON_BLOCKS = YES;
				GCC_WARN_64_TO_32_BIT_CONVERSION = YES;
				GCC_WARN_ABOUT_RETURN_TYPE = YES_ERROR;
				GCC_WARN_UNDECLARED_SELECTOR = YES;
				GCC_WARN_UNINITIALIZED_AUTOS = YES_AGGRESSIVE;
				GCC_WARN_UNUSED_FUNCTION = YES;
				GCC_WARN_UNUSED_VARIABLE = YES;
				IPHONEOS_DEPLOYMENT_TARGET = 8.3;
				MTL_ENABLE_DEBUG_INFO = NO;
				SDKROOT = iphoneos;
				SWIFT_OBJC_BRIDGING_HEADER = "";
				VALIDATE_PRODUCT = YES;
			};
			name = Release;
		};
		0CD3C8A61AD781DF005CC6C1 /* Debug */ = {
			isa = XCBuildConfiguration;
			baseConfigurationReference = 31673111D9B6682A226FA4A9 /* Pods.debug.xcconfig */;
			buildSettings = {
				ASSETCATALOG_COMPILER_APPICON_NAME = AppIcon;
				CLANG_ENABLE_MODULES = YES;
				CODE_SIGN_IDENTITY = "iPhone Developer";
				FRAMEWORK_SEARCH_PATHS = (
					"$(inherited)",
					"$(PROJECT_DIR)/Carthage/Build/iOS",
				);
				INFOPLIST_FILE = HackerNews/Info.plist;
				IPHONEOS_DEPLOYMENT_TARGET = 9.2;
				LD_RUNPATH_SEARCH_PATHS = "$(inherited) @executable_path/Frameworks";
				PRODUCT_BUNDLE_IDENTIFIER = "com.alexchoi.$(PRODUCT_NAME:rfc1034identifier)";
				PRODUCT_NAME = "$(TARGET_NAME)";
				SWIFT_OBJC_BRIDGING_HEADER = "HackerNews/HackerNews-Bridging-Header.h";
				SWIFT_OPTIMIZATION_LEVEL = "-Onone";
				TARGETED_DEVICE_FAMILY = "1,2";
			};
			name = Debug;
		};
		0CD3C8A71AD781DF005CC6C1 /* Release */ = {
			isa = XCBuildConfiguration;
			baseConfigurationReference = D85C380C1DB698E049FC7102 /* Pods.release.xcconfig */;
			buildSettings = {
				ASSETCATALOG_COMPILER_APPICON_NAME = AppIcon;
				CLANG_ENABLE_MODULES = YES;
				CODE_SIGN_IDENTITY = "iPhone Developer";
				FRAMEWORK_SEARCH_PATHS = (
					"$(inherited)",
					"$(PROJECT_DIR)/Carthage/Build/iOS",
				);
				INFOPLIST_FILE = HackerNews/Info.plist;
				IPHONEOS_DEPLOYMENT_TARGET = 9.2;
				LD_RUNPATH_SEARCH_PATHS = "$(inherited) @executable_path/Frameworks";
				PRODUCT_BUNDLE_IDENTIFIER = "com.alexchoi.$(PRODUCT_NAME:rfc1034identifier)";
				PRODUCT_NAME = "$(TARGET_NAME)";
				SWIFT_OBJC_BRIDGING_HEADER = "HackerNews/HackerNews-Bridging-Header.h";
				TARGETED_DEVICE_FAMILY = "1,2";
			};
			name = Release;
		};
		0CD3C8A91AD781DF005CC6C1 /* Debug */ = {
			isa = XCBuildConfiguration;
			buildSettings = {
				BUNDLE_LOADER = "$(TEST_HOST)";
				FRAMEWORK_SEARCH_PATHS = (
					"$(SDKROOT)/Developer/Library/Frameworks",
					"$(inherited)",
				);
				GCC_PREPROCESSOR_DEFINITIONS = (
					"DEBUG=1",
					"$(inherited)",
				);
				INFOPLIST_FILE = HackerNewsTests/Info.plist;
				LD_RUNPATH_SEARCH_PATHS = "$(inherited) @executable_path/Frameworks @loader_path/Frameworks";
				PRODUCT_BUNDLE_IDENTIFIER = "com.alexchoi.$(PRODUCT_NAME:rfc1034identifier)";
				PRODUCT_NAME = "$(TARGET_NAME)";
				TEST_HOST = "$(BUILT_PRODUCTS_DIR)/HackerNews.app/HackerNews";
			};
			name = Debug;
		};
		0CD3C8AA1AD781DF005CC6C1 /* Release */ = {
			isa = XCBuildConfiguration;
			buildSettings = {
				BUNDLE_LOADER = "$(TEST_HOST)";
				FRAMEWORK_SEARCH_PATHS = (
					"$(SDKROOT)/Developer/Library/Frameworks",
					"$(inherited)",
				);
				INFOPLIST_FILE = HackerNewsTests/Info.plist;
				LD_RUNPATH_SEARCH_PATHS = "$(inherited) @executable_path/Frameworks @loader_path/Frameworks";
				PRODUCT_BUNDLE_IDENTIFIER = "com.alexchoi.$(PRODUCT_NAME:rfc1034identifier)";
				PRODUCT_NAME = "$(TARGET_NAME)";
				TEST_HOST = "$(BUILT_PRODUCTS_DIR)/HackerNews.app/HackerNews";
			};
			name = Release;
		};
/* End XCBuildConfiguration section */

/* Begin XCConfigurationList section */
		0CD3C8811AD781DF005CC6C1 /* Build configuration list for PBXProject "HackerNews" */ = {
			isa = XCConfigurationList;
			buildConfigurations = (
				0CD3C8A31AD781DF005CC6C1 /* Debug */,
				0CD3C8A41AD781DF005CC6C1 /* Release */,
			);
			defaultConfigurationIsVisible = 0;
			defaultConfigurationName = Release;
		};
		0CD3C8A51AD781DF005CC6C1 /* Build configuration list for PBXNativeTarget "HackerNews" */ = {
			isa = XCConfigurationList;
			buildConfigurations = (
				0CD3C8A61AD781DF005CC6C1 /* Debug */,
				0CD3C8A71AD781DF005CC6C1 /* Release */,
			);
			defaultConfigurationIsVisible = 0;
			defaultConfigurationName = Release;
		};
		0CD3C8A81AD781DF005CC6C1 /* Build configuration list for PBXNativeTarget "HackerNewsTests" */ = {
			isa = XCConfigurationList;
			buildConfigurations = (
				0CD3C8A91AD781DF005CC6C1 /* Debug */,
				0CD3C8AA1AD781DF005CC6C1 /* Release */,
			);
			defaultConfigurationIsVisible = 0;
			defaultConfigurationName = Release;
		};
/* End XCConfigurationList section */
	};
	rootObject = 0CD3C87E1AD781DF005CC6C1 /* Project object */;
}
